{
  "name": "intranet-starter",
  "lockfileVersion": 3,
  "requires": true,
  "packages": {
    "": {
      "name": "intranet-starter",
      "dependencies": {
        "@prisma/client": "^5.5.2",
        "next": "^13.5.6",
        "next-auth": "^4.24.3",
        "pg": "^8.11.3",
        "prisma": "^5.5.2",
        "react": "^18.2.0",
        "react-dom": "^18.2.0"
      }
    },
    "node_modules/@prisma/client": {
      "version": "5.5.2",
      "resolved": "https://registry.npmjs.org/@prisma/client/-/client-5.5.2.tgz",
      "integrity": "sha512-GRH/Tp0s1rknJPx6qZW+1Y5wzyZdWSNCBED5cR6k7fDJK0xYkK4KqD9kN5z8ZQ7sWm9P8H8JLkZbN9jJFqZ4Q=="
    },
    "node_modules/next": {
      "version": "13.5.6",
      "resolved": "https://registry.npmjs.org/next/-/next-13.5.6.tgz",
      "integrity": "sha512-Y2wTcTbO4Ww8V5GOPr3u6QZx4kT8w5m+TULaZSBa9p2z7i/4vCgCyE7c3z8+8m1c8t6aFZm2lT6R9Zg=="
    },
    "node_modules/next-auth": {
      "version": "4.24.3",
      "resolved": "https://registry.npmjs.org/next-auth/-/next-auth-4.24.3.tgz",
      "integrity": "sha512-F+1J5t5tD5cIhXAZtxrZrWGvEBf3qL5pVlE4g6hi7GqT5m5cJ4C5p2z2m5z5c5z5c5z5c5z5c5z5c5z5c5z5c5z5c5z5c5z5c5z5c5z5c5z5c5z5c5z5c5z5c5z5c5z5c5z5c5z5c5z5c5z5c5z5c5z5c5z5c5z5c5z5c5z5c5z5c5z5c5z5c5z5c5z5c5z5c5z5c5z5c5z5c5z5c5z5c5z5c5z5c5z5c5z5c5z5c5z5c5z5c5z5c5z5c5z5c5z5c5z5c5z5c5z5c5z5c5z5c5z5c5z5c5z5c5z5c5z5c5z5c5z5c5z5c5z5c5z5c5z5c5z5c5z5c5z5c5z5c5z5c5z5c5z5c5z5c5z5c5z5c5z5c5z5c5z5c5z5c5z5c5z5c5z5c5z5c5z5c5z5c5z5c5z5c5z5c5z5c5z5c5z5c5z5c5z5c5z5c5z5c5z5c5z5c5z5c5z5c5z5c5z5c5z5c5z5c5z5c5z5c5z5c5z5c5z5c5z5c5z5c5z5c5z5c5z5c5z5c5z5c5z5c5z5c5z5c5z5c5z5c5z5c5z5c5z5c5z5c5z5c5z5c5z5c5z5c5z5c5z5c5z5c5z5c5z5c5z5c5z5c5z5c5z5c5z5c5z5c5z5c5z5c5z5c5z5c5z5c5z5c5z5c5z5c5z5c5z5c
